// !$*UTF8*$!
{
	archiveVersion = 1;
	classes = {
	};
	objectVersion = 46;
	objects = {

/* Begin PBXBuildFile section */
		97CEE83219F4FDE50070764B /* AppDelegate.swift in Sources */ = {isa = PBXBuildFile; fileRef = 97CEE83119F4FDE50070764B /* AppDelegate.swift */; };
		97CEE83419F4FDE50070764B /* ViewController.swift in Sources */ = {isa = PBXBuildFile; fileRef = 97CEE83319F4FDE50070764B /* ViewController.swift */; };
		97CEE83719F4FDE50070764B /* Main.storyboard in Resources */ = {isa = PBXBuildFile; fileRef = 97CEE83519F4FDE50070764B /* Main.storyboard */; };
		97CEE83919F4FDE50070764B /* Images.xcassets in Resources */ = {isa = PBXBuildFile; fileRef = 97CEE83819F4FDE50070764B /* Images.xcassets */; };
		97CEE83C19F4FDE50070764B /* LaunchScreen.xib in Resources */ = {isa = PBXBuildFile; fileRef = 97CEE83A19F4FDE50070764B /* LaunchScreen.xib */; };
		97CEE84819F4FDE50070764B /* BullsEyeTests.swift in Sources */ = {isa = PBXBuildFile; fileRef = 97CEE84719F4FDE50070764B /* BullsEyeTests.swift */; };
/* End PBXBuildFile section */

/* Begin PBXContainerItemProxy section */
		97CEE84219F4FDE50070764B /* PBXContainerItemProxy */ = {
			isa = PBXContainerItemProxy;
			containerPortal = 97CEE82419F4FDE50070764B /* Project object */;
			proxyType = 1;
			remoteGlobalIDString = 97CEE82B19F4FDE50070764B;
			remoteInfo = BullsEye;
		};
/* End PBXContainerItemProxy section */

/* Begin PBXFileReference section */
		97CEE82C19F4FDE50070764B /* BullsEye.app */ = {isa = PBXFileReference; explicitFileType = wrapper.application; includeInIndex = 0; path = BullsEye.app; sourceTree = BUILT_PRODUCTS_DIR; };
		97CEE83019F4FDE50070764B /* Info.plist */ = {isa = PBXFileReference; lastKnownFileType = text.plist.xml; path = Info.plist; sourceTree = "<group>"; };
		97CEE83119F4FDE50070764B /* AppDelegate.swift */ = {isa = PBXFileReference; lastKnownFileType = sourcecode.swift; path = AppDelegate.swift; sourceTree = "<group>"; };
		97CEE83319F4FDE50070764B /* ViewController.swift */ = {isa = PBXFileReference; lastKnownFileType = sourcecode.swift; path = ViewController.swift; sourceTree = "<group>"; };
		97CEE83619F4FDE50070764B /* Base */ = {isa = PBXFileReference; lastKnownFileType = file.storyboard; name = Base; path = Base.lproj/Main.storyboard; sourceTree = "<group>"; };
		97CEE83819F4FDE50070764B /* Images.xcassets */ = {isa = PBXFileReference; lastKnownFileType = folder.assetcatalog; path = Images.xcassets; sourceTree = "<group>"; };
		97CEE83B19F4FDE50070764B /* Base */ = {isa = PBXFileReference; lastKnownFileType = file.xib; name = Base; path = Base.lproj/LaunchScreen.xib; sourceTree = "<group>"; };
		97CEE84119F4FDE50070764B /* BullsEyeTests.xctest */ = {isa = PBXFileReference; explicitFileType = wrapper.cfbundle; includeInIndex = 0; path = BullsEyeTests.xctest; sourceTree = BUILT_PRODUCTS_DIR; };
		97CEE84619F4FDE50070764B /* Info.plist */ = {isa = PBXFileReference; lastKnownFileType = text.plist.xml; path = Info.plist; sourceTree = "<group>"; };
		97CEE84719F4FDE50070764B /* BullsEyeTests.swift */ = {isa = PBXFileReference; lastKnownFileType = sourcecode.swift; path = BullsEyeTests.swift; sourceTree = "<group>"; };
/* End PBXFileReference section */

/* Begin PBXFrameworksBuildPhase section */
		97CEE82919F4FDE50070764B /* Frameworks */ = {
			isa = PBXFrameworksBuildPhase;
			buildActionMask = 2147483647;
			files = (
			);
			runOnlyForDeploymentPostprocessing = 0;
		};
		97CEE83E19F4FDE50070764B /* Frameworks */ = {
			isa = PBXFrameworksBuildPhase;
			buildActionMask = 2147483647;
			files = (
			);
			runOnlyForDeploymentPostprocessing = 0;
		};
/* End PBXFrameworksBuildPhase section */

/* Begin PBXGroup section */
		97CEE82319F4FDE50070764B = {
			isa = PBXGroup;
			children = (
				97CEE82E19F4FDE50070764B /* BullsEye */,
				97CEE84419F4FDE50070764B /* BullsEyeTests */,
				97CEE82D19F4FDE50070764B /* Products */,
			);
			sourceTree = "<group>";
		};
		97CEE82D19F4FDE50070764B /* Products */ = {
			isa = PBXGroup;
			children = (
				97CEE82C19F4FDE50070764B /* BullsEye.app */,
				97CEE84119F4FDE50070764B /* BullsEyeTests.xctest */,
			);
			name = Products;
			sourceTree = "<group>";
		};
		97CEE82E19F4FDE50070764B /* BullsEye */ = {
			isa = PBXGroup;
			children = (
				97CEE83119F4FDE50070764B /* AppDelegate.swift */,
				97CEE83319F4FDE50070764B /* ViewController.swift */,
				97CEE83519F4FDE50070764B /* Main.storyboard */,
				97CEE83819F4FDE50070764B /* Images.xcassets */,
				97CEE83A19F4FDE50070764B /* LaunchScreen.xib */,
				97CEE82F19F4FDE50070764B /* Supporting Files */,
			);
			path = BullsEye;
			sourceTree = "<group>";
		};
		97CEE82F19F4FDE50070764B /* Supporting Files */ = {
			isa = PBXGroup;
			children = (
				97CEE83019F4FDE50070764B /* Info.plist */,
			);
			name = "Supporting Files";
			sourceTree = "<group>";
		};
		97CEE84419F4FDE50070764B /* BullsEyeTests */ = {
			isa = PBXGroup;
			children = (
				97CEE84719F4FDE50070764B /* BullsEyeTests.swift */,
				97CEE84519F4FDE50070764B /* Supporting Files */,
			);
			path = BullsEyeTests;
			sourceTree = "<group>";
		};
		97CEE84519F4FDE50070764B /* Supporting Files */ = {
			isa = PBXGroup;
			children = (
				97CEE84619F4FDE50070764B /* Info.plist */,
			);
			name = "Supporting Files";
			sourceTree = "<group>";
		};
/* End PBXGroup section */

/* Begin PBXNativeTarget section */
		97CEE82B19F4FDE50070764B /* BullsEye */ = {
			isa = PBXNativeTarget;
			buildConfigurationList = 97CEE84B19F4FDE50070764B /* Build configuration list for PBXNativeTarget "BullsEye" */;
			buildPhases = (
				97CEE82819F4FDE50070764B /* Sources */,
				97CEE82919F4FDE50070764B /* Frameworks */,
				97CEE82A19F4FDE50070764B /* Resources */,
			);
			buildRules = (
			);
			dependencies = (
			);
			name = BullsEye;
			productName = BullsEye;
			productReference = 97CEE82C19F4FDE50070764B /* BullsEye.app */;
			productType = "com.apple.product-type.application";
		};
		97CEE84019F4FDE50070764B /* BullsEyeTests */ = {
			isa = PBXNativeTarget;
			buildConfigurationList = 97CEE84E19F4FDE50070764B /* Build configuration list for PBXNativeTarget "BullsEyeTests" */;
			buildPhases = (
				97CEE83D19F4FDE50070764B /* Sources */,
				97CEE83E19F4FDE50070764B /* Frameworks */,
				97CEE83F19F4FDE50070764B /* Resources */,
			);
			buildRules = (
			);
			dependencies = (
				97CEE84319F4FDE50070764B /* PBXTargetDependency */,
			);
			name = BullsEyeTests;
			productName = BullsEyeTests;
			productReference = 97CEE84119F4FDE50070764B /* BullsEyeTests.xctest */;
			productType = "com.apple.product-type.bundle.unit-test";
		};
/* End PBXNativeTarget section */

/* Begin PBXProject section */
		97CEE82419F4FDE50070764B /* Project object */ = {
			isa = PBXProject;
			attributes = {
				LastUpgradeCheck = 0610;
				ORGANIZATIONNAME = heletech;
				TargetAttributes = {
					97CEE82B19F4FDE50070764B = {
						CreatedOnToolsVersion = 6.1;
					};
					97CEE84019F4FDE50070764B = {
						CreatedOnToolsVersion = 6.1;
						TestTargetID = 97CEE82B19F4FDE50070764B;
					};
				};
			};
			buildConfigurationList = 97CEE82719F4FDE50070764B /* Build configuration list for PBXProject "BullsEye" */;
			compatibilityVersion = "Xcode 3.2";
			developmentRegion = English;
			hasScannedForEncodings = 0;
			knownRegions = (
				en,
				Base,
			);
			mainGroup = 97CEE82319F4FDE50070764B;
			productRefGroup = 97CEE82D19F4FDE50070764B /* Products */;
			projectDirPath = "";
			projectRoot = "";
			targets = (
				97CEE82B19F4FDE50070764B /* BullsEye */,
				97CEE84019F4FDE50070764B /* BullsEyeTests */,
			);
		};
/* End PBXProject section */

/* Begin PBXResourcesBuildPhase section */
		97CEE82A19F4FDE50070764B /* Resources */ = {
			isa = PBXResourcesBuildPhase;
			buildActionMask = 2147483647;
			files = (
				97CEE83719F4FDE50070764B /* Main.storyboard in Resources */,
				97CEE83C19F4FDE50070764B /* LaunchScreen.xib in Resources */,
				97CEE83919F4FDE50070764B /* Images.xcassets in Resources */,
			);
			runOnlyForDeploymentPostprocessing = 0;
		};
		97CEE83F19F4FDE50070764B /* Resources */ = {
			isa = PBXResourcesBuildPhase;
			buildActionMask = 2147483647;
			files = (
			);
			runOnlyForDeploymentPostprocessing = 0;
		};
/* End PBXResourcesBuildPhase section */

/* Begin PBXSourcesBuildPhase section */
		97CEE82819F4FDE50070764B /* Sources */ = {
			isa = PBXSourcesBuildPhase;
			buildActionMask = 2147483647;
			files = (
				97CEE83419F4FDE50070764B /* ViewController.swift in Sources */,
				97CEE83219F4FDE50070764B /* AppDelegate.swift in Sources */,
			);
			runOnlyForDeploymentPostprocessing = 0;
		};
		97CEE83D19F4FDE50070764B /* Sources */ = {
			isa = PBXSourcesBuildPhase;
			buildActionMask = 2147483647;
			files = (
				97CEE84819F4FDE50070764B /* BullsEyeTests.swift in Sources */,
			);
			runOnlyForDeploymentPostprocessing = 0;
		};
/* End PBXSourcesBuildPhase section */

/* Begin PBXTargetDependency section */
		97CEE84319F4FDE50070764B /* PBXTargetDependency */ = {
			isa = PBXTargetDependency;
			target = 97CEE82B19F4FDE50070764B /* BullsEye */;
			targetProxy = 97CEE84219F4FDE50070764B /* PBXContainerItemProxy */;
		};
/* End PBXTargetDependency section */

/* Begin PBXVariantGroup section */
		97CEE83519F4FDE50070764B /* Main.storyboard */ = {
			isa = PBXVariantGroup;
			children = (
				97CEE83619F4FDE50070764B /* Base */,
			);
			name = Main.storyboard;
			sourceTree = "<group>";
		};
		97CEE83A19F4FDE50070764B /* LaunchScreen.xib */ = {
			isa = PBXVariantGroup;
			children = (
				97CEE83B19F4FDE50070764B /* Base */,
			);
			name = LaunchScreen.xib;
			sourceTree = "<group>";
		};
/* End PBXVariantGroup section */

/* Begin XCBuildConfiguration section */
		97CEE84919F4FDE50070764B /* Debug */ = {
			isa = XCBuildConfiguration;
			buildSettings = {
				ALWAYS_SEARCH_USER_PATHS = NO;
				CLANG_CXX_LANGUAGE_STANDARD = "gnu++0x";
				CLANG_CXX_LIBRARY = "libc++";
				CLANG_ENABLE_MODULES = YES;
				CLANG_ENABLE_OBJC_ARC = YES;
				CLANG_WARN_BOOL_CONVERSION = YES;
				CLANG_WARN_CONSTANT_CONVERSION = YES;
				CLANG_WARN_DIRECT_OBJC_ISA_USAGE = YES_ERROR;
				CLANG_WARN_EMPTY_BODY = YES;
				CLANG_WARN_ENUM_CONVERSION = YES;
				CLANG_WARN_INT_CONVERSION = YES;
				CLANG_WARN_OBJC_ROOT_CLASS = YES_ERROR;
				CLANG_WARN_UNREACHABLE_CODE = YES;
				CLANG_WARN__DUPLICATE_METHOD_MATCH = YES;
				"CODE_SIGN_IDENTITY[sdk=iphoneos*]" = "iPhone Developer";
				COPY_PHASE_STRIP = NO;
				ENABLE_STRICT_OBJC_MSGSEND = YES;
				GCC_C_LANGUAGE_STANDARD = gnu99;
				GCC_DYNAMIC_NO_PIC = NO;
				GCC_OPTIMIZATION_LEVEL = 0;
				GCC_PREPROCESSOR_DEFINITIONS = (
					"DEBUG=1",
					"$(inherited)",
				);
				GCC_SYMBOLS_PRIVATE_EXTERN = NO;
				GCC_WARN_64_TO_32_BIT_CONVERSION = YES;
				GCC_WARN_ABOUT_RETURN_TYPE = YES_ERROR;
				GCC_WARN_UNDECLARED_SELECTOR = YES;
				GCC_WARN_UNINITIALIZED_AUTOS = YES_AGGRESSIVE;
				GCC_WARN_UNUSED_FUNCTION = YES;
				GCC_WARN_UNUSED_VARIABLE = YES;
				IPHONEOS_DEPLOYMENT_TARGET = 8.0;
				MTL_ENABLE_DEBUG_INFO = YES;
				ONLY_ACTIVE_ARCH = YES;
				SDKROOT = iphoneos;
				SWIFT_OPTIMIZATION_LEVEL = "-Onone";
			};
			name = Debug;
		};
		97CEE84A19F4FDE50070764B /* Release */ = {
			isa = XCBuildConfiguration;
			buildSettings = {
				ALWAYS_SEARCH_USER_PATHS = NO;
				CLANG_CXX_LANGUAGE_STANDARD = "gnu++0x";
				CLANG_CXX_LIBRARY = "libc++";
				CLANG_ENABLE_MODULES = YES;
				CLANG_ENABLE_OBJC_ARC = YES;
				CLANG_WARN_BOOL_CONVERSION = YES;
				CLANG_WARN_CONSTANT_CONVERSION = YES;
				CLANG_WARN_DIRECT_OBJC_ISA_USAGE = YES_ERROR;
				CLANG_WARN_EMPTY_BODY = YES;
				CLANG_WARN_ENUM_CONVERSION = YES;
				CLANG_WARN_INT_CONVERSION = YES;
				CLANG_WARN_OBJC_ROOT_CLASS = YES_ERROR;
				CLANG_WARN_UNREACHABLE_CODE = YES;
				CLANG_WARN__DUPLICATE_METHOD_MATCH = YES;
				"CODE_SIGN_IDENTITY[sdk=iphoneos*]" = "iPhone Developer";
				COPY_PHASE_STRIP = YES;
				ENABLE_NS_ASSERTIONS = NO;
				ENABLE_STRICT_OBJC_MSGSEND = YES;
				GCC_C_LANGUAGE_STANDARD = gnu99;
				GCC_WARN_64_TO_32_BIT_CONVERSION = YES;
				GCC_WARN_ABOUT_RETURN_TYPE = YES_ERROR;
				GCC_WARN_UNDECLARED_SELECTOR = YES;
				GCC_WARN_UNINITIALIZED_AUTOS = YES_AGGRESSIVE;
				GCC_WARN_UNUSED_FUNCTION = YES;
				GCC_WARN_UNUSED_VARIABLE = YES;
				IPHONEOS_DEPLOYMENT_TARGET = 8.0;
				MTL_ENABLE_DEBUG_INFO = NO;
				SDKROOT = iphoneos;
				VALIDATE_PRODUCT = YES;
			};
			name = Release;
		};
		97CEE84C19F4FDE50070764B /* Debug */ = {
			isa = XCBuildConfiguration;
			buildSettings = {
				ASSETCATALOG_COMPILER_APPICON_NAME = AppIcon;
				INFOPLIST_FILE = BullsEye/Info.plist;
				LD_RUNPATH_SEARCH_PATHS = "$(inherited) @executable_path/Frameworks";
				PRODUCT_NAME = "$(TARGET_NAME)";
			};
			name = Debug;
		};
		97CEE84D19F4FDE50070764B /* Release */ = {
			isa = XCBuildConfiguration;
			buildSettings = {
				ASSETCATALOG_COMPILER_APPICON_NAME = AppIcon;
				INFOPLIST_FILE = BullsEye/Info.plist;
				LD_RUNPATH_SEARCH_PATHS = "$(inherited) @executable_path/Frameworks";
				PRODUCT_NAME = "$(TARGET_NAME)";
			};
			name = Release;
		};
		97CEE84F19F4FDE50070764B /* Debug */ = {
			isa = XCBuildConfiguration;
			buildSettings = {
				BUNDLE_LOADER = "$(TEST_HOST)";
				FRAMEWORK_SEARCH_PATHS = (
					"$(SDKROOT)/Developer/Library/Frameworks",
					"$(inherited)",
				);
				GCC_PREPROCESSOR_DEFINITIONS = (
					"DEBUG=1",
					"$(inherited)",
				);
				INFOPLIST_FILE = BullsEyeTests/Info.plist;
				LD_RUNPATH_SEARCH_PATHS = "$(inherited) @executable_path/Frameworks @loader_path/Frameworks";
				PRODUCT_NAME = "$(TARGET_NAME)";
				TEST_HOST = "$(BUILT_PRODUCTS_DIR)/BullsEye.app/BullsEye";
			};
			name = Debug;
		};
		97CEE85019F4FDE50070764B /* Release */ = {
			isa = XCBuildConfiguration;
			buildSettings = {
				BUNDLE_LOADER = "$(TEST_HOST)";
				FRAMEWORK_SEARCH_PATHS = (
					"$(SDKROOT)/Developer/Library/Frameworks",
					"$(inherited)",
				);
				INFOPLIST_FILE = BullsEyeTests/Info.plist;
				LD_RUNPATH_SEARCH_PATHS = "$(inherited) @executable_path/Frameworks @loader_path/Frameworks";
				PRODUCT_NAME = "$(TARGET_NAME)";
				TEST_HOST = "$(BUILT_PRODUCTS_DIR)/BullsEye.app/BullsEye";
			};
			name = Release;
		};
/* End XCBuildConfiguration section */

/* Begin XCConfigurationList section */
		97CEE82719F4FDE50070764B /* Build configuration list for PBXProject "BullsEye" */ = {
			isa = XCConfigurationList;
			buildConfigurations = (
				97CEE84919F4FDE50070764B /* Debug */,
				97CEE84A19F4FDE50070764B /* Release */,
			);
			defaultConfigurationIsVisible = 0;
			defaultConfigurationName = Release;
		};
		97CEE84B19F4FDE50070764B /* Build configuration list for PBXNativeTarget "BullsEye" */ = {
			isa = XCConfigurationList;
			buildConfigurations = (
				97CEE84C19F4FDE50070764B /* Debug */,
				97CEE84D19F4FDE50070764B /* Release */,
			);
			defaultConfigurationIsVisible = 0;
		};
		97CEE84E19F4FDE50070764B /* Build configuration list for PBXNativeTarget "BullsEyeTests" */ = {
			isa = XCConfigurationList;
			buildConfigurations = (
				97CEE84F19F4FDE50070764B /* Debug */,
				97CEE85019F4FDE50070764B /* Release */,
			);
			defaultConfigurationIsVisible = 0;
		};
/* End XCConfigurationList section */
	};
	rootObject = 97CEE82419F4FDE50070764B /* Project object */;
}
